// !$*UTF8*$!
{
	archiveVersion = 1;
	classes = {
	};
	objectVersion = 56;
	objects = {

/* Begin PBXBuildFile section */
		84388A632E267079009699FC /* SQLite in Frameworks */ = {isa = PBXBuildFile; productRef = 84388A622E267079009699FC /* SQLite */; };
		84388A872E26FA50009699FC /* ProfilesMatchStatus.xcdatamodeld in Sources */ = {isa = PBXBuildFile; fileRef = 84388A852E26FA50009699FC /* ProfilesMatchStatus.xcdatamodeld */; };
		84A51E0E2E2520EE003ACBC3 /* MatchMate_AssignmentApp.swift in Sources */ = {isa = PBXBuildFile; fileRef = 84A51E0D2E2520EE003ACBC3 /* MatchMate_AssignmentApp.swift */; };
		84A51E102E2520EE003ACBC3 /* ContentView.swift in Sources */ = {isa = PBXBuildFile; fileRef = 84A51E0F2E2520EE003ACBC3 /* ContentView.swift */; };
		84A51E122E2520F0003ACBC3 /* Assets.xcassets in Resources */ = {isa = PBXBuildFile; fileRef = 84A51E112E2520F0003ACBC3 /* Assets.xcassets */; };
		84A51E152E2520F0003ACBC3 /* Preview Assets.xcassets in Resources */ = {isa = PBXBuildFile; fileRef = 84A51E142E2520F0003ACBC3 /* Preview Assets.xcassets */; };
		84A51E1F2E2520F1003ACBC3 /* MatchMate_AssignmentTests.swift in Sources */ = {isa = PBXBuildFile; fileRef = 84A51E1E2E2520F1003ACBC3 /* MatchMate_AssignmentTests.swift */; };
		84A51E292E2520F1003ACBC3 /* MatchMate_AssignmentUITests.swift in Sources */ = {isa = PBXBuildFile; fileRef = 84A51E282E2520F1003ACBC3 /* MatchMate_AssignmentUITests.swift */; };
		84A51E2B2E2520F1003ACBC3 /* MatchMate_AssignmentUITestsLaunchTests.swift in Sources */ = {isa = PBXBuildFile; fileRef = 84A51E2A2E2520F1003ACBC3 /* MatchMate_AssignmentUITestsLaunchTests.swift */; };
		84A51E3E2E252288003ACBC3 /* HomeView.swift in Sources */ = {isa = PBXBuildFile; fileRef = 84A51E3D2E252288003ACBC3 /* HomeView.swift */; };
		84A51E422E25259F003ACBC3 /* ProfileCardView.swift in Sources */ = {isa = PBXBuildFile; fileRef = 84A51E412E25259F003ACBC3 /* ProfileCardView.swift */; };
		84A51E442E2525FF003ACBC3 /* SDWebImageSwiftUI in Frameworks */ = {isa = PBXBuildFile; productRef = 84A51E432E2525FF003ACBC3 /* SDWebImageSwiftUI */; };
		84A51E462E25260A003ACBC3 /* SDWebImage in Frameworks */ = {isa = PBXBuildFile; productRef = 84A51E452E25260A003ACBC3 /* SDWebImage */; };
		84A51E482E25260A003ACBC3 /* SDWebImageMapKit in Frameworks */ = {isa = PBXBuildFile; productRef = 84A51E472E25260A003ACBC3 /* SDWebImageMapKit */; };
		84A51E4A2E2548BD003ACBC3 /* ProfileCardViewModel.swift in Sources */ = {isa = PBXBuildFile; fileRef = 84A51E492E2548BD003ACBC3 /* ProfileCardViewModel.swift */; };
		84A51E4C2E2549E5003ACBC3 /* PersonModel.swift in Sources */ = {isa = PBXBuildFile; fileRef = 84A51E4B2E2549E5003ACBC3 /* PersonModel.swift */; };
		84A51E4E2E2553ED003ACBC3 /* HomeViewModel.swift in Sources */ = {isa = PBXBuildFile; fileRef = 84A51E4D2E2553ED003ACBC3 /* HomeViewModel.swift */; };
		84A51E502E255481003ACBC3 /* NetworkManager.swift in Sources */ = {isa = PBXBuildFile; fileRef = 84A51E4F2E255481003ACBC3 /* NetworkManager.swift */; };
		84A51E532E25549A003ACBC3 /* Alamofire in Frameworks */ = {isa = PBXBuildFile; productRef = 84A51E522E25549A003ACBC3 /* Alamofire */; };
		84A51E552E25549A003ACBC3 /* AlamofireDynamic in Frameworks */ = {isa = PBXBuildFile; productRef = 84A51E542E25549A003ACBC3 /* AlamofireDynamic */; };
		84A51E572E25A5F1003ACBC3 /* FetchProfilesResponse.swift in Sources */ = {isa = PBXBuildFile; fileRef = 84A51E562E25A5F1003ACBC3 /* FetchProfilesResponse.swift */; };
		84A51E592E25A9D4003ACBC3 /* CircularButton.swift in Sources */ = {isa = PBXBuildFile; fileRef = 84A51E582E25A9D4003ACBC3 /* CircularButton.swift */; };
		84A51E5B2E25AFCF003ACBC3 /* StatusButton.swift in Sources */ = {isa = PBXBuildFile; fileRef = 84A51E5A2E25AFCF003ACBC3 /* StatusButton.swift */; };
/* End PBXBuildFile section */

/* Begin PBXContainerItemProxy section */
		84A51E1B2E2520F1003ACBC3 /* PBXContainerItemProxy */ = {
			isa = PBXContainerItemProxy;
			containerPortal = 84A51E022E2520EE003ACBC3 /* Project object */;
			proxyType = 1;
			remoteGlobalIDString = 84A51E092E2520EE003ACBC3;
			remoteInfo = "MatchMate-Assignment";
		};
		84A51E252E2520F1003ACBC3 /* PBXContainerItemProxy */ = {
			isa = PBXContainerItemProxy;
			containerPortal = 84A51E022E2520EE003ACBC3 /* Project object */;
			proxyType = 1;
			remoteGlobalIDString = 84A51E092E2520EE003ACBC3;
			remoteInfo = "MatchMate-Assignment";
		};
/* End PBXContainerItemProxy section */

/* Begin PBXFileReference section */
		84388A862E26FA50009699FC /* ProfilesMatchStatus.xcdatamodel */ = {isa = PBXFileReference; lastKnownFileType = wrapper.xcdatamodel; path = ProfilesMatchStatus.xcdatamodel; sourceTree = "<group>"; };
		84A51E0A2E2520EE003ACBC3 /* MatchMate-Assignment.app */ = {isa = PBXFileReference; explicitFileType = wrapper.application; includeInIndex = 0; path = "MatchMate-Assignment.app"; sourceTree = BUILT_PRODUCTS_DIR; };
		84A51E0D2E2520EE003ACBC3 /* MatchMate_AssignmentApp.swift */ = {isa = PBXFileReference; lastKnownFileType = sourcecode.swift; path = MatchMate_AssignmentApp.swift; sourceTree = "<group>"; };
		84A51E0F2E2520EE003ACBC3 /* ContentView.swift */ = {isa = PBXFileReference; lastKnownFileType = sourcecode.swift; path = ContentView.swift; sourceTree = "<group>"; };
		84A51E112E2520F0003ACBC3 /* Assets.xcassets */ = {isa = PBXFileReference; lastKnownFileType = folder.assetcatalog; path = Assets.xcassets; sourceTree = "<group>"; };
		84A51E142E2520F0003ACBC3 /* Preview Assets.xcassets */ = {isa = PBXFileReference; lastKnownFileType = folder.assetcatalog; path = "Preview Assets.xcassets"; sourceTree = "<group>"; };
		84A51E1A2E2520F1003ACBC3 /* MatchMate-AssignmentTests.xctest */ = {isa = PBXFileReference; explicitFileType = wrapper.cfbundle; includeInIndex = 0; path = "MatchMate-AssignmentTests.xctest"; sourceTree = BUILT_PRODUCTS_DIR; };
		84A51E1E2E2520F1003ACBC3 /* MatchMate_AssignmentTests.swift */ = {isa = PBXFileReference; lastKnownFileType = sourcecode.swift; path = MatchMate_AssignmentTests.swift; sourceTree = "<group>"; };
		84A51E242E2520F1003ACBC3 /* MatchMate-AssignmentUITests.xctest */ = {isa = PBXFileReference; explicitFileType = wrapper.cfbundle; includeInIndex = 0; path = "MatchMate-AssignmentUITests.xctest"; sourceTree = BUILT_PRODUCTS_DIR; };
		84A51E282E2520F1003ACBC3 /* MatchMate_AssignmentUITests.swift */ = {isa = PBXFileReference; lastKnownFileType = sourcecode.swift; path = MatchMate_AssignmentUITests.swift; sourceTree = "<group>"; };
		84A51E2A2E2520F1003ACBC3 /* MatchMate_AssignmentUITestsLaunchTests.swift */ = {isa = PBXFileReference; lastKnownFileType = sourcecode.swift; path = MatchMate_AssignmentUITestsLaunchTests.swift; sourceTree = "<group>"; };
		84A51E3D2E252288003ACBC3 /* HomeView.swift */ = {isa = PBXFileReference; lastKnownFileType = sourcecode.swift; path = HomeView.swift; sourceTree = "<group>"; };
		84A51E412E25259F003ACBC3 /* ProfileCardView.swift */ = {isa = PBXFileReference; lastKnownFileType = sourcecode.swift; path = ProfileCardView.swift; sourceTree = "<group>"; };
		84A51E492E2548BD003ACBC3 /* ProfileCardViewModel.swift */ = {isa = PBXFileReference; lastKnownFileType = sourcecode.swift; path = ProfileCardViewModel.swift; sourceTree = "<group>"; };
		84A51E4B2E2549E5003ACBC3 /* PersonModel.swift */ = {isa = PBXFileReference; lastKnownFileType = sourcecode.swift; path = PersonModel.swift; sourceTree = "<group>"; };
		84A51E4D2E2553ED003ACBC3 /* HomeViewModel.swift */ = {isa = PBXFileReference; lastKnownFileType = sourcecode.swift; path = HomeViewModel.swift; sourceTree = "<group>"; };
		84A51E4F2E255481003ACBC3 /* NetworkManager.swift */ = {isa = PBXFileReference; lastKnownFileType = sourcecode.swift; path = NetworkManager.swift; sourceTree = "<group>"; };
		84A51E562E25A5F1003ACBC3 /* FetchProfilesResponse.swift */ = {isa = PBXFileReference; lastKnownFileType = sourcecode.swift; path = FetchProfilesResponse.swift; sourceTree = "<group>"; };
		84A51E582E25A9D4003ACBC3 /* CircularButton.swift */ = {isa = PBXFileReference; lastKnownFileType = sourcecode.swift; path = CircularButton.swift; sourceTree = "<group>"; };
		84A51E5A2E25AFCF003ACBC3 /* StatusButton.swift */ = {isa = PBXFileReference; lastKnownFileType = sourcecode.swift; path = StatusButton.swift; sourceTree = "<group>"; };
/* End PBXFileReference section */

/* Begin PBXFrameworksBuildPhase section */
		84A51E072E2520EE003ACBC3 /* Frameworks */ = {
			isa = PBXFrameworksBuildPhase;
			buildActionMask = 2147483647;
			files = (
				84388A632E267079009699FC /* SQLite in Frameworks */,
				84A51E462E25260A003ACBC3 /* SDWebImage in Frameworks */,
				84A51E532E25549A003ACBC3 /* Alamofire in Frameworks */,
				84A51E552E25549A003ACBC3 /* AlamofireDynamic in Frameworks */,
				84A51E482E25260A003ACBC3 /* SDWebImageMapKit in Frameworks */,
				84A51E442E2525FF003ACBC3 /* SDWebImageSwiftUI in Frameworks */,
			);
			runOnlyForDeploymentPostprocessing = 0;
		};
		84A51E172E2520F1003ACBC3 /* Frameworks */ = {
			isa = PBXFrameworksBuildPhase;
			buildActionMask = 2147483647;
			files = (
			);
			runOnlyForDeploymentPostprocessing = 0;
		};
		84A51E212E2520F1003ACBC3 /* Frameworks */ = {
			isa = PBXFrameworksBuildPhase;
			buildActionMask = 2147483647;
			files = (
			);
			runOnlyForDeploymentPostprocessing = 0;
		};
/* End PBXFrameworksBuildPhase section */

/* Begin PBXGroup section */
		84A51E012E2520EE003ACBC3 = {
			isa = PBXGroup;
			children = (
				84A51E0C2E2520EE003ACBC3 /* MatchMate-Assignment */,
				84A51E1D2E2520F1003ACBC3 /* MatchMate-AssignmentTests */,
				84A51E272E2520F1003ACBC3 /* MatchMate-AssignmentUITests */,
				84A51E0B2E2520EE003ACBC3 /* Products */,
			);
			sourceTree = "<group>";
		};
		84A51E0B2E2520EE003ACBC3 /* Products */ = {
			isa = PBXGroup;
			children = (
				84A51E0A2E2520EE003ACBC3 /* MatchMate-Assignment.app */,
				84A51E1A2E2520F1003ACBC3 /* MatchMate-AssignmentTests.xctest */,
				84A51E242E2520F1003ACBC3 /* MatchMate-AssignmentUITests.xctest */,
			);
			name = Products;
			sourceTree = "<group>";
		};
		84A51E0C2E2520EE003ACBC3 /* MatchMate-Assignment */ = {
			isa = PBXGroup;
			children = (
				84A51E3A2E252129003ACBC3 /* Models */,
				84A51E392E25211D003ACBC3 /* ViewModels */,
				84A51E382E252118003ACBC3 /* Views */,
				84A51E372E252111003ACBC3 /* Utilities */,
				84A51E0D2E2520EE003ACBC3 /* MatchMate_AssignmentApp.swift */,
				84A51E0F2E2520EE003ACBC3 /* ContentView.swift */,
				84388A852E26FA50009699FC /* ProfilesMatchStatus.xcdatamodeld */,
				84A51E112E2520F0003ACBC3 /* Assets.xcassets */,
				84A51E132E2520F0003ACBC3 /* Preview Content */,
			);
			path = "MatchMate-Assignment";
			sourceTree = "<group>";
		};
		84A51E132E2520F0003ACBC3 /* Preview Content */ = {
			isa = PBXGroup;
			children = (
				84A51E142E2520F0003ACBC3 /* Preview Assets.xcassets */,
			);
			path = "Preview Content";
			sourceTree = "<group>";
		};
		84A51E1D2E2520F1003ACBC3 /* MatchMate-AssignmentTests */ = {
			isa = PBXGroup;
			children = (
				84A51E1E2E2520F1003ACBC3 /* MatchMate_AssignmentTests.swift */,
			);
			path = "MatchMate-AssignmentTests";
			sourceTree = "<group>";
		};
		84A51E272E2520F1003ACBC3 /* MatchMate-AssignmentUITests */ = {
			isa = PBXGroup;
			children = (
				84A51E282E2520F1003ACBC3 /* MatchMate_AssignmentUITests.swift */,
				84A51E2A2E2520F1003ACBC3 /* MatchMate_AssignmentUITestsLaunchTests.swift */,
			);
			path = "MatchMate-AssignmentUITests";
			sourceTree = "<group>";
		};
		84A51E372E252111003ACBC3 /* Utilities */ = {
			isa = PBXGroup;
			children = (
				84A51E4F2E255481003ACBC3 /* NetworkManager.swift */,
			);
			path = Utilities;
			sourceTree = "<group>";
		};
		84A51E382E252118003ACBC3 /* Views */ = {
			isa = PBXGroup;
			children = (
				84A51E3D2E252288003ACBC3 /* HomeView.swift */,
				84A51E412E25259F003ACBC3 /* ProfileCardView.swift */,
				84A51E582E25A9D4003ACBC3 /* CircularButton.swift */,
				84A51E5A2E25AFCF003ACBC3 /* StatusButton.swift */,
			);
			path = Views;
			sourceTree = "<group>";
		};
		84A51E392E25211D003ACBC3 /* ViewModels */ = {
			isa = PBXGroup;
			children = (
				84A51E492E2548BD003ACBC3 /* ProfileCardViewModel.swift */,
				84A51E4D2E2553ED003ACBC3 /* HomeViewModel.swift */,
			);
			path = ViewModels;
			sourceTree = "<group>";
		};
		84A51E3A2E252129003ACBC3 /* Models */ = {
			isa = PBXGroup;
			children = (
				84A51E4B2E2549E5003ACBC3 /* PersonModel.swift */,
				84A51E562E25A5F1003ACBC3 /* FetchProfilesResponse.swift */,
			);
			path = Models;
			sourceTree = "<group>";
		};
/* End PBXGroup section */

/* Begin PBXNativeTarget section */
		84A51E092E2520EE003ACBC3 /* MatchMate-Assignment */ = {
			isa = PBXNativeTarget;
			buildConfigurationList = 84A51E2E2E2520F1003ACBC3 /* Build configuration list for PBXNativeTarget "MatchMate-Assignment" */;
			buildPhases = (
				84A51E062E2520EE003ACBC3 /* Sources */,
				84A51E072E2520EE003ACBC3 /* Frameworks */,
				84A51E082E2520EE003ACBC3 /* Resources */,
			);
			buildRules = (
			);
			dependencies = (
			);
			name = "MatchMate-Assignment";
			packageProductDependencies = (
				84A51E432E2525FF003ACBC3 /* SDWebImageSwiftUI */,
				84A51E452E25260A003ACBC3 /* SDWebImage */,
				84A51E472E25260A003ACBC3 /* SDWebImageMapKit */,
				84A51E522E25549A003ACBC3 /* Alamofire */,
				84A51E542E25549A003ACBC3 /* AlamofireDynamic */,
				84388A622E267079009699FC /* SQLite */,
			);
			productName = "MatchMate-Assignment";
			productReference = 84A51E0A2E2520EE003ACBC3 /* MatchMate-Assignment.app */;
			productType = "com.apple.product-type.application";
		};
		84A51E192E2520F1003ACBC3 /* MatchMate-AssignmentTests */ = {
			isa = PBXNativeTarget;
			buildConfigurationList = 84A51E312E2520F1003ACBC3 /* Build configuration list for PBXNativeTarget "MatchMate-AssignmentTests" */;
			buildPhases = (
				84A51E162E2520F1003ACBC3 /* Sources */,
				84A51E172E2520F1003ACBC3 /* Frameworks */,
				84A51E182E2520F1003ACBC3 /* Resources */,
			);
			buildRules = (
			);
			dependencies = (
				84A51E1C2E2520F1003ACBC3 /* PBXTargetDependency */,
			);
			name = "MatchMate-AssignmentTests";
			productName = "MatchMate-AssignmentTests";
			productReference = 84A51E1A2E2520F1003ACBC3 /* MatchMate-AssignmentTests.xctest */;
			productType = "com.apple.product-type.bundle.unit-test";
		};
		84A51E232E2520F1003ACBC3 /* MatchMate-AssignmentUITests */ = {
			isa = PBXNativeTarget;
			buildConfigurationList = 84A51E342E2520F1003ACBC3 /* Build configuration list for PBXNativeTarget "MatchMate-AssignmentUITests" */;
			buildPhases = (
				84A51E202E2520F1003ACBC3 /* Sources */,
				84A51E212E2520F1003ACBC3 /* Frameworks */,
				84A51E222E2520F1003ACBC3 /* Resources */,
			);
			buildRules = (
			);
			dependencies = (
				84A51E262E2520F1003ACBC3 /* PBXTargetDependency */,
			);
			name = "MatchMate-AssignmentUITests";
			productName = "MatchMate-AssignmentUITests";
			productReference = 84A51E242E2520F1003ACBC3 /* MatchMate-AssignmentUITests.xctest */;
			productType = "com.apple.product-type.bundle.ui-testing";
		};
/* End PBXNativeTarget section */

/* Begin PBXProject section */
		84A51E022E2520EE003ACBC3 /* Project object */ = {
			isa = PBXProject;
			attributes = {
				BuildIndependentTargetsInParallel = 1;
				LastSwiftUpdateCheck = 1530;
				LastUpgradeCheck = 1530;
				TargetAttributes = {
					84A51E092E2520EE003ACBC3 = {
						CreatedOnToolsVersion = 15.3;
					};
					84A51E192E2520F1003ACBC3 = {
						CreatedOnToolsVersion = 15.3;
						TestTargetID = 84A51E092E2520EE003ACBC3;
					};
					84A51E232E2520F1003ACBC3 = {
						CreatedOnToolsVersion = 15.3;
						TestTargetID = 84A51E092E2520EE003ACBC3;
					};
				};
			};
			buildConfigurationList = 84A51E052E2520EE003ACBC3 /* Build configuration list for PBXProject "MatchMate-Assignment" */;
			compatibilityVersion = "Xcode 14.0";
			developmentRegion = en;
			hasScannedForEncodings = 0;
			knownRegions = (
				en,
				Base,
			);
			mainGroup = 84A51E012E2520EE003ACBC3;
			packageReferences = (
				84A51E3F2E25257D003ACBC3 /* XCRemoteSwiftPackageReference "SDWebImage" */,
				84A51E402E25258D003ACBC3 /* XCRemoteSwiftPackageReference "SDWebImageSwiftUI" */,
				84A51E512E25549A003ACBC3 /* XCRemoteSwiftPackageReference "Alamofire" */,
				84388A612E267079009699FC /* XCRemoteSwiftPackageReference "SQLite.swift" */,
			);
			productRefGroup = 84A51E0B2E2520EE003ACBC3 /* Products */;
			projectDirPath = "";
			projectRoot = "";
			targets = (
				84A51E092E2520EE003ACBC3 /* MatchMate-Assignment */,
				84A51E192E2520F1003ACBC3 /* MatchMate-AssignmentTests */,
				84A51E232E2520F1003ACBC3 /* MatchMate-AssignmentUITests */,
			);
		};
/* End PBXProject section */

/* Begin PBXResourcesBuildPhase section */
		84A51E082E2520EE003ACBC3 /* Resources */ = {
			isa = PBXResourcesBuildPhase;
			buildActionMask = 2147483647;
			files = (
				84A51E152E2520F0003ACBC3 /* Preview Assets.xcassets in Resources */,
				84A51E122E2520F0003ACBC3 /* Assets.xcassets in Resources */,
			);
			runOnlyForDeploymentPostprocessing = 0;
		};
		84A51E182E2520F1003ACBC3 /* Resources */ = {
			isa = PBXResourcesBuildPhase;
			buildActionMask = 2147483647;
			files = (
			);
			runOnlyForDeploymentPostprocessing = 0;
		};
		84A51E222E2520F1003ACBC3 /* Resources */ = {
			isa = PBXResourcesBuildPhase;
			buildActionMask = 2147483647;
			files = (
			);
			runOnlyForDeploymentPostprocessing = 0;
		};
/* End PBXResourcesBuildPhase section */

/* Begin PBXSourcesBuildPhase section */
		84A51E062E2520EE003ACBC3 /* Sources */ = {
			isa = PBXSourcesBuildPhase;
			buildActionMask = 2147483647;
			files = (
				84A51E5B2E25AFCF003ACBC3 /* StatusButton.swift in Sources */,
				84A51E4C2E2549E5003ACBC3 /* PersonModel.swift in Sources */,
				84388A872E26FA50009699FC /* ProfilesMatchStatus.xcdatamodeld in Sources */,
				84A51E102E2520EE003ACBC3 /* ContentView.swift in Sources */,
				84A51E572E25A5F1003ACBC3 /* FetchProfilesResponse.swift in Sources */,
				84A51E4E2E2553ED003ACBC3 /* HomeViewModel.swift in Sources */,
				84A51E592E25A9D4003ACBC3 /* CircularButton.swift in Sources */,
				84A51E4A2E2548BD003ACBC3 /* ProfileCardViewModel.swift in Sources */,
				84A51E502E255481003ACBC3 /* NetworkManager.swift in Sources */,
				84A51E3E2E252288003ACBC3 /* HomeView.swift in Sources */,
				84A51E422E25259F003ACBC3 /* ProfileCardView.swift in Sources */,
				84A51E0E2E2520EE003ACBC3 /* MatchMate_AssignmentApp.swift in Sources */,
			);
			runOnlyForDeploymentPostprocessing = 0;
		};
		84A51E162E2520F1003ACBC3 /* Sources */ = {
			isa = PBXSourcesBuildPhase;
			buildActionMask = 2147483647;
			files = (
				84A51E1F2E2520F1003ACBC3 /* MatchMate_AssignmentTests.swift in Sources */,
			);
			runOnlyForDeploymentPostprocessing = 0;
		};
		84A51E202E2520F1003ACBC3 /* Sources */ = {
			isa = PBXSourcesBuildPhase;
			buildActionMask = 2147483647;
			files = (
				84A51E2B2E2520F1003ACBC3 /* MatchMate_AssignmentUITestsLaunchTests.swift in Sources */,
				84A51E292E2520F1003ACBC3 /* MatchMate_AssignmentUITests.swift in Sources */,
			);
			runOnlyForDeploymentPostprocessing = 0;
		};
/* End PBXSourcesBuildPhase section */

/* Begin PBXTargetDependency section */
		84A51E1C2E2520F1003ACBC3 /* PBXTargetDependency */ = {
			isa = PBXTargetDependency;
			target = 84A51E092E2520EE003ACBC3 /* MatchMate-Assignment */;
			targetProxy = 84A51E1B2E2520F1003ACBC3 /* PBXContainerItemProxy */;
		};
		84A51E262E2520F1003ACBC3 /* PBXTargetDependency */ = {
			isa = PBXTargetDependency;
			target = 84A51E092E2520EE003ACBC3 /* MatchMate-Assignment */;
			targetProxy = 84A51E252E2520F1003ACBC3 /* PBXContainerItemProxy */;
		};
/* End PBXTargetDependency section */

/* Begin XCBuildConfiguration section */
		84A51E2C2E2520F1003ACBC3 /* Debug */ = {
			isa = XCBuildConfiguration;
			buildSettings = {
				ALWAYS_SEARCH_USER_PATHS = NO;
				ASSETCATALOG_COMPILER_GENERATE_SWIFT_ASSET_SYMBOL_EXTENSIONS = YES;
				CLANG_ANALYZER_NONNULL = YES;
				CLANG_ANALYZER_NUMBER_OBJECT_CONVERSION = YES_AGGRESSIVE;
				CLANG_CXX_LANGUAGE_STANDARD = "gnu++20";
				CLANG_ENABLE_MODULES = YES;
				CLANG_ENABLE_OBJC_ARC = YES;
				CLANG_ENABLE_OBJC_WEAK = YES;
				CLANG_WARN_BLOCK_CAPTURE_AUTORELEASING = YES;
				CLANG_WARN_BOOL_CONVERSION = YES;
				CLANG_WARN_COMMA = YES;
				CLANG_WARN_CONSTANT_CONVERSION = YES;
				CLANG_WARN_DEPRECATED_OBJC_IMPLEMENTATIONS = YES;
				CLANG_WARN_DIRECT_OBJC_ISA_USAGE = YES_ERROR;
				CLANG_WARN_DOCUMENTATION_COMMENTS = YES;
				CLANG_WARN_EMPTY_BODY = YES;
				CLANG_WARN_ENUM_CONVERSION = YES;
				CLANG_WARN_INFINITE_RECURSION = YES;
				CLANG_WARN_INT_CONVERSION = YES;
				CLANG_WARN_NON_LITERAL_NULL_CONVERSION = YES;
				CLANG_WARN_OBJC_IMPLICIT_RETAIN_SELF = YES;
				CLANG_WARN_OBJC_LITERAL_CONVERSION = YES;
				CLANG_WARN_OBJC_ROOT_CLASS = YES_ERROR;
				CLANG_WARN_QUOTED_INCLUDE_IN_FRAMEWORK_HEADER = YES;
				CLANG_WARN_RANGE_LOOP_ANALYSIS = YES;
				CLANG_WARN_STRICT_PROTOTYPES = YES;
				CLANG_WARN_SUSPICIOUS_MOVE = YES;
				CLANG_WARN_UNGUARDED_AVAILABILITY = YES_AGGRESSIVE;
				CLANG_WARN_UNREACHABLE_CODE = YES;
				CLANG_WARN__DUPLICATE_METHOD_MATCH = YES;
				COPY_PHASE_STRIP = NO;
				DEBUG_INFORMATION_FORMAT = dwarf;
				ENABLE_STRICT_OBJC_MSGSEND = YES;
				ENABLE_TESTABILITY = YES;
				ENABLE_USER_SCRIPT_SANDBOXING = YES;
				GCC_C_LANGUAGE_STANDARD = gnu17;
				GCC_DYNAMIC_NO_PIC = NO;
				GCC_NO_COMMON_BLOCKS = YES;
				GCC_OPTIMIZATION_LEVEL = 0;
				GCC_PREPROCESSOR_DEFINITIONS = (
					"DEBUG=1",
					"$(inherited)",
				);
				GCC_WARN_64_TO_32_BIT_CONVERSION = YES;
				GCC_WARN_ABOUT_RETURN_TYPE = YES_ERROR;
				GCC_WARN_UNDECLARED_SELECTOR = YES;
				GCC_WARN_UNINITIALIZED_AUTOS = YES_AGGRESSIVE;
				GCC_WARN_UNUSED_FUNCTION = YES;
				GCC_WARN_UNUSED_VARIABLE = YES;
				IPHONEOS_DEPLOYMENT_TARGET = 17.4;
				LOCALIZATION_PREFERS_STRING_CATALOGS = YES;
				MTL_ENABLE_DEBUG_INFO = INCLUDE_SOURCE;
				MTL_FAST_MATH = YES;
				ONLY_ACTIVE_ARCH = YES;
				SDKROOT = iphoneos;
				SWIFT_ACTIVE_COMPILATION_CONDITIONS = "DEBUG $(inherited)";
				SWIFT_OPTIMIZATION_LEVEL = "-Onone";
			};
			name = Debug;
		};
		84A51E2D2E2520F1003ACBC3 /* Release */ = {
			isa = XCBuildConfiguration;
			buildSettings = {
				ALWAYS_SEARCH_USER_PATHS = NO;
				ASSETCATALOG_COMPILER_GENERATE_SWIFT_ASSET_SYMBOL_EXTENSIONS = YES;
				CLANG_ANALYZER_NONNULL = YES;
				CLANG_ANALYZER_NUMBER_OBJECT_CONVERSION = YES_AGGRESSIVE;
				CLANG_CXX_LANGUAGE_STANDARD = "gnu++20";
				CLANG_ENABLE_MODULES = YES;
				CLANG_ENABLE_OBJC_ARC = YES;
				CLANG_ENABLE_OBJC_WEAK = YES;
				CLANG_WARN_BLOCK_CAPTURE_AUTORELEASING = YES;
				CLANG_WARN_BOOL_CONVERSION = YES;
				CLANG_WARN_COMMA = YES;
				CLANG_WARN_CONSTANT_CONVERSION = YES;
				CLANG_WARN_DEPRECATED_OBJC_IMPLEMENTATIONS = YES;
				CLANG_WARN_DIRECT_OBJC_ISA_USAGE = YES_ERROR;
				CLANG_WARN_DOCUMENTATION_COMMENTS = YES;
				CLANG_WARN_EMPTY_BODY = YES;
				CLANG_WARN_ENUM_CONVERSION = YES;
				CLANG_WARN_INFINITE_RECURSION = YES;
				CLANG_WARN_INT_CONVERSION = YES;
				CLANG_WARN_NON_LITERAL_NULL_CONVERSION = YES;
				CLANG_WARN_OBJC_IMPLICIT_RETAIN_SELF = YES;
				CLANG_WARN_OBJC_LITERAL_CONVERSION = YES;
				CLANG_WARN_OBJC_ROOT_CLASS = YES_ERROR;
				CLANG_WARN_QUOTED_INCLUDE_IN_FRAMEWORK_HEADER = YES;
				CLANG_WARN_RANGE_LOOP_ANALYSIS = YES;
				CLANG_WARN_STRICT_PROTOTYPES = YES;
				CLANG_WARN_SUSPICIOUS_MOVE = YES;
				CLANG_WARN_UNGUARDED_AVAILABILITY = YES_AGGRESSIVE;
				CLANG_WARN_UNREACHABLE_CODE = YES;
				CLANG_WARN__DUPLICATE_METHOD_MATCH = YES;
				COPY_PHASE_STRIP = NO;
				DEBUG_INFORMATION_FORMAT = "dwarf-with-dsym";
				ENABLE_NS_ASSERTIONS = NO;
				ENABLE_STRICT_OBJC_MSGSEND = YES;
				ENABLE_USER_SCRIPT_SANDBOXING = YES;
				GCC_C_LANGUAGE_STANDARD = gnu17;
				GCC_NO_COMMON_BLOCKS = YES;
				GCC_WARN_64_TO_32_BIT_CONVERSION = YES;
				GCC_WARN_ABOUT_RETURN_TYPE = YES_ERROR;
				GCC_WARN_UNDECLARED_SELECTOR = YES;
				GCC_WARN_UNINITIALIZED_AUTOS = YES_AGGRESSIVE;
				GCC_WARN_UNUSED_FUNCTION = YES;
				GCC_WARN_UNUSED_VARIABLE = YES;
				IPHONEOS_DEPLOYMENT_TARGET = 17.4;
				LOCALIZATION_PREFERS_STRING_CATALOGS = YES;
				MTL_ENABLE_DEBUG_INFO = NO;
				MTL_FAST_MATH = YES;
				SDKROOT = iphoneos;
				SWIFT_COMPILATION_MODE = wholemodule;
				VALIDATE_PRODUCT = YES;
			};
			name = Release;
		};
		84A51E2F2E2520F1003ACBC3 /* Debug */ = {
			isa = XCBuildConfiguration;
			buildSettings = {
				ASSETCATALOG_COMPILER_APPICON_NAME = AppIcon;
				ASSETCATALOG_COMPILER_GLOBAL_ACCENT_COLOR_NAME = AccentColor;
				CODE_SIGN_STYLE = Automatic;
				CURRENT_PROJECT_VERSION = 1;
				DEVELOPMENT_ASSET_PATHS = "\"MatchMate-Assignment/Preview Content\"";
				DEVELOPMENT_TEAM = 26YK9ZGUFH;
				ENABLE_PREVIEWS = YES;
				GENERATE_INFOPLIST_FILE = YES;
				INFOPLIST_KEY_UIApplicationSceneManifest_Generation = YES;
				INFOPLIST_KEY_UIApplicationSupportsIndirectInputEvents = YES;
				INFOPLIST_KEY_UILaunchScreen_Generation = YES;
				INFOPLIST_KEY_UISupportedInterfaceOrientations_iPad = "UIInterfaceOrientationPortrait UIInterfaceOrientationPortraitUpsideDown UIInterfaceOrientationLandscapeLeft UIInterfaceOrientationLandscapeRight";
				INFOPLIST_KEY_UISupportedInterfaceOrientations_iPhone = "UIInterfaceOrientationPortrait UIInterfaceOrientationLandscapeLeft UIInterfaceOrientationLandscapeRight";
				LD_RUNPATH_SEARCH_PATHS = (
					"$(inherited)",
					"@executable_path/Frameworks",
				);
				MARKETING_VERSION = 1.0;
				PRODUCT_BUNDLE_IDENTIFIER = "sheetalpahadi.MatchMate-Assignment";
				PRODUCT_NAME = "$(TARGET_NAME)";
				SWIFT_EMIT_LOC_STRINGS = YES;
				SWIFT_VERSION = 5.0;
				TARGETED_DEVICE_FAMILY = "1,2";
			};
			name = Debug;
		};
		84A51E302E2520F1003ACBC3 /* Release */ = {
			isa = XCBuildConfiguration;
			buildSettings = {
				ASSETCATALOG_COMPILER_APPICON_NAME = AppIcon;
				ASSETCATALOG_COMPILER_GLOBAL_ACCENT_COLOR_NAME = AccentColor;
				CODE_SIGN_STYLE = Automatic;
				CURRENT_PROJECT_VERSION = 1;
				DEVELOPMENT_ASSET_PATHS = "\"MatchMate-Assignment/Preview Content\"";
				DEVELOPMENT_TEAM = 26YK9ZGUFH;
				ENABLE_PREVIEWS = YES;
				GENERATE_INFOPLIST_FILE = YES;
				INFOPLIST_KEY_UIApplicationSceneManifest_Generation = YES;
				INFOPLIST_KEY_UIApplicationSupportsIndirectInputEvents = YES;
				INFOPLIST_KEY_UILaunchScreen_Generation = YES;
				INFOPLIST_KEY_UISupportedInterfaceOrientations_iPad = "UIInterfaceOrientationPortrait UIInterfaceOrientationPortraitUpsideDown UIInterfaceOrientationLandscapeLeft UIInterfaceOrientationLandscapeRight";
				INFOPLIST_KEY_UISupportedInterfaceOrientations_iPhone = "UIInterfaceOrientationPortrait UIInterfaceOrientationLandscapeLeft UIInterfaceOrientationLandscapeRight";
				LD_RUNPATH_SEARCH_PATHS = (
					"$(inherited)",
					"@executable_path/Frameworks",
				);
				MARKETING_VERSION = 1.0;
				PRODUCT_BUNDLE_IDENTIFIER = "sheetalpahadi.MatchMate-Assignment";
				PRODUCT_NAME = "$(TARGET_NAME)";
				SWIFT_EMIT_LOC_STRINGS = YES;
				SWIFT_VERSION = 5.0;
				TARGETED_DEVICE_FAMILY = "1,2";
			};
			name = Release;
		};
		84A51E322E2520F1003ACBC3 /* Debug */ = {
			isa = XCBuildConfiguration;
			buildSettings = {
				ALWAYS_EMBED_SWIFT_STANDARD_LIBRARIES = YES;
				BUNDLE_LOADER = "$(TEST_HOST)";
				CODE_SIGN_STYLE = Automatic;
				CURRENT_PROJECT_VERSION = 1;
				DEVELOPMENT_TEAM = 26YK9ZGUFH;
				GENERATE_INFOPLIST_FILE = YES;
				IPHONEOS_DEPLOYMENT_TARGET = 17.4;
				MARKETING_VERSION = 1.0;
				PRODUCT_BUNDLE_IDENTIFIER = "sheetalpahadi.MatchMate-AssignmentTests";
				PRODUCT_NAME = "$(TARGET_NAME)";
				SWIFT_EMIT_LOC_STRINGS = NO;
				SWIFT_VERSION = 5.0;
				TARGETED_DEVICE_FAMILY = "1,2";
				TEST_HOST = "$(BUILT_PRODUCTS_DIR)/MatchMate-Assignment.app/$(BUNDLE_EXECUTABLE_FOLDER_PATH)/MatchMate-Assignment";
			};
			name = Debug;
		};
		84A51E332E2520F1003ACBC3 /* Release */ = {
			isa = XCBuildConfiguration;
			buildSettings = {
				ALWAYS_EMBED_SWIFT_STANDARD_LIBRARIES = YES;
				BUNDLE_LOADER = "$(TEST_HOST)";
				CODE_SIGN_STYLE = Automatic;
				CURRENT_PROJECT_VERSION = 1;
				DEVELOPMENT_TEAM = 26YK9ZGUFH;
				GENERATE_INFOPLIST_FILE = YES;
				IPHONEOS_DEPLOYMENT_TARGET = 17.4;
				MARKETING_VERSION = 1.0;
				PRODUCT_BUNDLE_IDENTIFIER = "sheetalpahadi.MatchMate-AssignmentTests";
				PRODUCT_NAME = "$(TARGET_NAME)";
				SWIFT_EMIT_LOC_STRINGS = NO;
				SWIFT_VERSION = 5.0;
				TARGETED_DEVICE_FAMILY = "1,2";
				TEST_HOST = "$(BUILT_PRODUCTS_DIR)/MatchMate-Assignment.app/$(BUNDLE_EXECUTABLE_FOLDER_PATH)/MatchMate-Assignment";
			};
			name = Release;
		};
		84A51E352E2520F1003ACBC3 /* Debug */ = {
			isa = XCBuildConfiguration;
			buildSettings = {
				ALWAYS_EMBED_SWIFT_STANDARD_LIBRARIES = YES;
				CODE_SIGN_STYLE = Automatic;
				CURRENT_PROJECT_VERSION = 1;
				DEVELOPMENT_TEAM = 26YK9ZGUFH;
				GENERATE_INFOPLIST_FILE = YES;
				MARKETING_VERSION = 1.0;
				PRODUCT_BUNDLE_IDENTIFIER = "sheetalpahadi.MatchMate-AssignmentUITests";
				PRODUCT_NAME = "$(TARGET_NAME)";
				SWIFT_EMIT_LOC_STRINGS = NO;
				SWIFT_VERSION = 5.0;
				TARGETED_DEVICE_FAMILY = "1,2";
				TEST_TARGET_NAME = "MatchMate-Assignment";
			};
			name = Debug;
		};
		84A51E362E2520F1003ACBC3 /* Release */ = {
			isa = XCBuildConfiguration;
			buildSettings = {
				ALWAYS_EMBED_SWIFT_STANDARD_LIBRARIES = YES;
				CODE_SIGN_STYLE = Automatic;
				CURRENT_PROJECT_VERSION = 1;
				DEVELOPMENT_TEAM = 26YK9ZGUFH;
				GENERATE_INFOPLIST_FILE = YES;
				MARKETING_VERSION = 1.0;
				PRODUCT_BUNDLE_IDENTIFIER = "sheetalpahadi.MatchMate-AssignmentUITests";
				PRODUCT_NAME = "$(TARGET_NAME)";
				SWIFT_EMIT_LOC_STRINGS = NO;
				SWIFT_VERSION = 5.0;
				TARGETED_DEVICE_FAMILY = "1,2";
				TEST_TARGET_NAME = "MatchMate-Assignment";
			};
			name = Release;
		};
/* End XCBuildConfiguration section */

/* Begin XCConfigurationList section */
		84A51E052E2520EE003ACBC3 /* Build configuration list for PBXProject "MatchMate-Assignment" */ = {
			isa = XCConfigurationList;
			buildConfigurations = (
				84A51E2C2E2520F1003ACBC3 /* Debug */,
				84A51E2D2E2520F1003ACBC3 /* Release */,
			);
			defaultConfigurationIsVisible = 0;
			defaultConfigurationName = Release;
		};
		84A51E2E2E2520F1003ACBC3 /* Build configuration list for PBXNativeTarget "MatchMate-Assignment" */ = {
			isa = XCConfigurationList;
			buildConfigurations = (
				84A51E2F2E2520F1003ACBC3 /* Debug */,
				84A51E302E2520F1003ACBC3 /* Release */,
			);
			defaultConfigurationIsVisible = 0;
			defaultConfigurationName = Release;
		};
		84A51E312E2520F1003ACBC3 /* Build configuration list for PBXNativeTarget "MatchMate-AssignmentTests" */ = {
			isa = XCConfigurationList;
			buildConfigurations = (
				84A51E322E2520F1003ACBC3 /* Debug */,
				84A51E332E2520F1003ACBC3 /* Release */,
			);
			defaultConfigurationIsVisible = 0;
			defaultConfigurationName = Release;
		};
		84A51E342E2520F1003ACBC3 /* Build configuration list for PBXNativeTarget "MatchMate-AssignmentUITests" */ = {
			isa = XCConfigurationList;
			buildConfigurations = (
				84A51E352E2520F1003ACBC3 /* Debug */,
				84A51E362E2520F1003ACBC3 /* Release */,
			);
			defaultConfigurationIsVisible = 0;
			defaultConfigurationName = Release;
		};
/* End XCConfigurationList section */

/* Begin XCRemoteSwiftPackageReference section */
		84388A612E267079009699FC /* XCRemoteSwiftPackageReference "SQLite.swift" */ = {
			isa = XCRemoteSwiftPackageReference;
			repositoryURL = "https://github.com/stephencelis/SQLite.swift.git";
			requirement = {
				kind = upToNextMajorVersion;
				minimumVersion = 0.15.4;
			};
		};
		84A51E3F2E25257D003ACBC3 /* XCRemoteSwiftPackageReference "SDWebImage" */ = {
			isa = XCRemoteSwiftPackageReference;
			repositoryURL = "https://github.com/SDWebImage/SDWebImage.git";
			requirement = {
				kind = upToNextMajorVersion;
				minimumVersion = 5.21.1;
			};
		};
		84A51E402E25258D003ACBC3 /* XCRemoteSwiftPackageReference "SDWebImageSwiftUI" */ = {
			isa = XCRemoteSwiftPackageReference;
			repositoryURL = "https://github.com/SDWebImage/SDWebImageSwiftUI.git";
			requirement = {
				kind = upToNextMajorVersion;
				minimumVersion = 3.1.3;
			};
		};
		84A51E512E25549A003ACBC3 /* XCRemoteSwiftPackageReference "Alamofire" */ = {
			isa = XCRemoteSwiftPackageReference;
			repositoryURL = "https://github.com/Alamofire/Alamofire.git";
			requirement = {
				kind = upToNextMajorVersion;
				minimumVersion = 5.10.2;
			};
		};
/* End XCRemoteSwiftPackageReference section */

/* Begin XCSwiftPackageProductDependency section */
		84388A622E267079009699FC /* SQLite */ = {
			isa = XCSwiftPackageProductDependency;
			package = 84388A612E267079009699FC /* XCRemoteSwiftPackageReference "SQLite.swift" */;
			productName = SQLite;
		};
		84A51E432E2525FF003ACBC3 /* SDWebImageSwiftUI */ = {
			isa = XCSwiftPackageProductDependency;
			package = 84A51E402E25258D003ACBC3 /* XCRemoteSwiftPackageReference "SDWebImageSwiftUI" */;
			productName = SDWebImageSwiftUI;
		};
		84A51E452E25260A003ACBC3 /* SDWebImage */ = {
			isa = XCSwiftPackageProductDependency;
			package = 84A51E3F2E25257D003ACBC3 /* XCRemoteSwiftPackageReference "SDWebImage" */;
			productName = SDWebImage;
		};
		84A51E472E25260A003ACBC3 /* SDWebImageMapKit */ = {
			isa = XCSwiftPackageProductDependency;
			package = 84A51E3F2E25257D003ACBC3 /* XCRemoteSwiftPackageReference "SDWebImage" */;
			productName = SDWebImageMapKit;
		};
		84A51E522E25549A003ACBC3 /* Alamofire */ = {
			isa = XCSwiftPackageProductDependency;
			package = 84A51E512E25549A003ACBC3 /* XCRemoteSwiftPackageReference "Alamofire" */;
			productName = Alamofire;
		};
		84A51E542E25549A003ACBC3 /* AlamofireDynamic */ = {
			isa = XCSwiftPackageProductDependency;
			package = 84A51E512E25549A003ACBC3 /* XCRemoteSwiftPackageReference "Alamofire" */;
			productName = AlamofireDynamic;
		};
/* End XCSwiftPackageProductDependency section */

/* Begin XCVersionGroup section */
		84388A852E26FA50009699FC /* ProfilesMatchStatus.xcdatamodeld */ = {
			isa = XCVersionGroup;
			children = (
				84388A862E26FA50009699FC /* ProfilesMatchStatus.xcdatamodel */,
			);
			currentVersion = 84388A862E26FA50009699FC /* ProfilesMatchStatus.xcdatamodel */;
			name = ProfilesMatchStatus.xcdatamodeld;
			path = Views/ProfilesMatchStatus.xcdatamodeld;
			sourceTree = "<group>";
			versionGroupType = wrapper.xcdatamodel;
		};
/* End XCVersionGroup section */
	};
	rootObject = 84A51E022E2520EE003ACBC3 /* Project object */;
}
